Microsoft Visual Studio Solution File, Format Version 8.00
Project("{8BC9CEB8-8B4A-11D0-8D11-00A0C91BC942}") = "AU2", "AU2.vcproj", "{50E2E418-F527-478B-89CC-957CA72F28CD}"
	ProjectSection(ProjectDependencies) = postProject
	EndProjectSection
EndProject
Global
	GlobalSection(SourceCodeControl) = preSolution
		SccNumberOfProjects = 1
		SccProjectUniqueName0 = AU2.vcproj
		SccProjectName0 = \u0022$/AU2\u0022,\u0020MXDAAAAA
		SccLocalPath0 = .
		SccProvider0 = MSSCCI:Microsoft\u0020Visual\u0020SourceSafe
		CanCheckoutShared = true
	EndGlobalSection
	GlobalSection(SolutionConfiguration) = preSolution
		Debug = Debug
		Release = Release
	EndGlobalSection
	GlobalSection(ProjectConfiguration) = postSolution
		{50E2E418-F527-478B-89CC-957CA72F28CD}.Debug.ActiveCfg = Debug|Win32
		{50E2E418-F527-478B-89CC-957CA72F28CD}.Debug.Build.0 = Debug|Win32
		{50E2E418-F527-478B-89CC-957CA72F28CD}.Release.ActiveCfg = Release|Win32
		{50E2E418-F527-478B-89CC-957CA72F28CD}.Release.Build.0 = Release|Win32
	EndGlobalSection
	GlobalSection(ExtensibilityGlobals) = postSolution
	EndGlobalSection
	GlobalSection(ExtensibilityAddIns) = postSolution
	EndGlobalSection
EndGlobal
