// !$*UTF8*$!
{
	archiveVersion = 1;
	classes = {
	};
	objectVersion = 42;
	objects = {

/* Begin PBXBuildFile section */
		8D0C4E8D0486CD37000505A6 /* InfoPlist.strings in Resources */ = {isa = PBXBuildFile; fileRef = 0867D6AAFE840B52C02AAC07 /* InfoPlist.strings */; };
		8D0C4E8E0486CD37000505A6 /* main.nib in Resources */ = {isa = PBXBuildFile; fileRef = 02345980000FD03B11CA0E72 /* main.nib */; };
		8D0C4E920486CD37000505A6 /* Carbon.framework in Frameworks */ = {isa = PBXBuildFile; fileRef = 20286C33FDCF999611CA2CEA /* Carbon.framework */; };
		93080F630773E9CE00A5E982 /* AutoStarX.icns in Resources */ = {isa = PBXBuildFile; fileRef = 93080F620773E9CE00A5E982 /* AutoStarX.icns */; };
		93080FA00773EC2C00A5E982 /* AutoStarX.rsrc in Resources */ = {isa = PBXBuildFile; fileRef = 93080F9F0773EC2C00A5E982 /* AutoStarX.rsrc */; };
		93085FA307740B3D00A0BC0B /* CoreServices.framework in Frameworks */ = {isa = PBXBuildFile; fileRef = 4A9504CAFFE6A41611CA0CBA /* CoreServices.framework */; };
		9377B1560763CE9B00C57F77 /* IOKit.framework in Frameworks */ = {isa = PBXBuildFile; fileRef = 9377B1550763CE9B00C57F77 /* IOKit.framework */; };
		937D9DA30A58C01E00E77F03 /* SerialPort.cpp in Sources */ = {isa = PBXBuildFile; fileRef = 937D9DA20A58C01E00E77F03 /* SerialPort.cpp */; };
		93E5E4F0077526FC00F37742 /* AutoStarX.cpp in Sources */ = {isa = PBXBuildFile; fileRef = 93E5E4EE077526FC00F37742 /* AutoStarX.cpp */; };
		93E5E4F1077526FC00F37742 /* Serial.cpp in Sources */ = {isa = PBXBuildFile; fileRef = 93E5E4EF077526FC00F37742 /* Serial.cpp */; };
		93E5E4F30775270F00F37742 /* FileSelector.cpp in Sources */ = {isa = PBXBuildFile; fileRef = 93E5E4F20775270F00F37742 /* FileSelector.cpp */; };
/* End PBXBuildFile section */

/* Begin PBXFileReference section */
		0867D6ABFE840B52C02AAC07 /* English */ = {isa = PBXFileReference; fileEncoding = 10; lastKnownFileType = text.plist.strings; name = English; path = English.lproj/InfoPlist.strings; sourceTree = "<group>"; };
		1870340FFE93FCAF11CA0CD7 /* English */ = {isa = PBXFileReference; lastKnownFileType = wrapper.nib; name = English; path = English.lproj/main.nib; sourceTree = "<group>"; };
		20286C33FDCF999611CA2CEA /* Carbon.framework */ = {isa = PBXFileReference; lastKnownFileType = wrapper.framework; name = Carbon.framework; path = /System/Library/Frameworks/Carbon.framework; sourceTree = "<absolute>"; };
		4A9504C8FFE6A3BC11CA0CBA /* ApplicationServices.framework */ = {isa = PBXFileReference; lastKnownFileType = wrapper.framework; name = ApplicationServices.framework; path = /System/Library/Frameworks/ApplicationServices.framework; sourceTree = "<absolute>"; };
		4A9504CAFFE6A41611CA0CBA /* CoreServices.framework */ = {isa = PBXFileReference; lastKnownFileType = wrapper.framework; name = CoreServices.framework; path = /System/Library/Frameworks/CoreServices.framework; sourceTree = "<absolute>"; };
		8D0C4E960486CD37000505A6 /* Info.plist */ = {isa = PBXFileReference; fileEncoding = 4; lastKnownFileType = text.plist; path = Info.plist; sourceTree = "<group>"; };
		8D0C4E970486CD37000505A6 /* AutoStarX.app */ = {isa = PBXFileReference; explicitFileType = wrapper.application; includeInIndex = 0; path = AutoStarX.app; sourceTree = BUILT_PRODUCTS_DIR; };
		93080F620773E9CE00A5E982 /* AutoStarX.icns */ = {isa = PBXFileReference; lastKnownFileType = image.icns; path = AutoStarX.icns; sourceTree = "<group>"; };
		93080F9F0773EC2C00A5E982 /* AutoStarX.rsrc */ = {isa = PBXFileReference; explicitFileType = archive.rsrc; path = AutoStarX.rsrc; sourceTree = "<group>"; };
		9377B1460763CE6400C57F77 /* controls.h */ = {isa = PBXFileReference; fileEncoding = 30; lastKnownFileType = sourcecode.c.h; path = controls.h; sourceTree = "<group>"; };
		9377B1550763CE9B00C57F77 /* IOKit.framework */ = {isa = PBXFileReference; lastKnownFileType = wrapper.framework; name = IOKit.framework; path = /System/Library/Frameworks/IOKit.framework; sourceTree = "<absolute>"; };
		937D9DA20A58C01E00E77F03 /* SerialPort.cpp */ = {isa = PBXFileReference; fileEncoding = 30; lastKnownFileType = sourcecode.cpp.cpp; name = SerialPort.cpp; path = Autostar/SerialPort.cpp; sourceTree = "<group>"; };
		937D9DA50A58C03800E77F03 /* SerialPort.h */ = {isa = PBXFileReference; fileEncoding = 30; lastKnownFileType = sourcecode.c.h; name = SerialPort.h; path = Autostar/SerialPort.h; sourceTree = "<group>"; };
		93E5E4E9077526CC00F37742 /* AutoStarX_Prefix.pch */ = {isa = PBXFileReference; fileEncoding = 30; lastKnownFileType = sourcecode.c.h; path = AutoStarX_Prefix.pch; sourceTree = "<group>"; };
		93E5E4EA077526CC00F37742 /* AutoStarX.h */ = {isa = PBXFileReference; fileEncoding = 30; lastKnownFileType = sourcecode.c.h; path = AutoStarX.h; sourceTree = "<group>"; };
		93E5E4EE077526FC00F37742 /* AutoStarX.cpp */ = {isa = PBXFileReference; fileEncoding = 30; lastKnownFileType = sourcecode.cpp.cpp; path = AutoStarX.cpp; sourceTree = "<group>"; };
		93E5E4EF077526FC00F37742 /* Serial.cpp */ = {isa = PBXFileReference; fileEncoding = 30; lastKnownFileType = sourcecode.cpp.cpp; path = Serial.cpp; sourceTree = "<group>"; };
		93E5E4F20775270F00F37742 /* FileSelector.cpp */ = {isa = PBXFileReference; fileEncoding = 30; lastKnownFileType = sourcecode.cpp.cpp; path = FileSelector.cpp; sourceTree = "<group>"; };
		93E5E51A0775295C00F37742 /* Serial.h */ = {isa = PBXFileReference; fileEncoding = 30; lastKnownFileType = sourcecode.c.h; path = Serial.h; sourceTree = "<group>"; };
		93E5E523077529F400F37742 /* FileSelector.h */ = {isa = PBXFileReference; fileEncoding = 30; lastKnownFileType = sourcecode.c.h; path = FileSelector.h; sourceTree = "<group>"; };
/* End PBXFileReference section */

/* Begin PBXFrameworksBuildPhase section */
		8D0C4E910486CD37000505A6 /* Frameworks */ = {
			isa = PBXFrameworksBuildPhase;
			buildActionMask = 2147483647;
			files = (
				8D0C4E920486CD37000505A6 /* Carbon.framework in Frameworks */,
				9377B1560763CE9B00C57F77 /* IOKit.framework in Frameworks */,
				93085FA307740B3D00A0BC0B /* CoreServices.framework in Frameworks */,
			);
			runOnlyForDeploymentPostprocessing = 0;
		};
/* End PBXFrameworksBuildPhase section */

/* Begin PBXGroup section */
		195DF8CFFE9D517E11CA2CBB /* Products */ = {
			isa = PBXGroup;
			children = (
				8D0C4E970486CD37000505A6 /* AutoStarX.app */,
			);
			name = Products;
			sourceTree = "<group>";
		};
		20286C29FDCF999611CA2CEA /* AutoStarX */ = {
			isa = PBXGroup;
			children = (
				9377B1440763CE4F00C57F77 /* Headers */,
				93E5E4ED077526E700F37742 /* Sources */,
				20286C2CFDCF999611CA2CEA /* Resources */,
				20286C32FDCF999611CA2CEA /* External Frameworks and Libraries */,
				195DF8CFFE9D517E11CA2CBB /* Products */,
			);
			name = AutoStarX;
			sourceTree = "<group>";
		};
		20286C2CFDCF999611CA2CEA /* Resources */ = {
			isa = PBXGroup;
			children = (
				93080F9F0773EC2C00A5E982 /* AutoStarX.rsrc */,
				93080F620773E9CE00A5E982 /* AutoStarX.icns */,
				8D0C4E960486CD37000505A6 /* Info.plist */,
				0867D6AAFE840B52C02AAC07 /* InfoPlist.strings */,
				02345980000FD03B11CA0E72 /* main.nib */,
			);
			name = Resources;
			sourceTree = "<group>";
		};
		20286C32FDCF999611CA2CEA /* External Frameworks and Libraries */ = {
			isa = PBXGroup;
			children = (
				9377B1550763CE9B00C57F77 /* IOKit.framework */,
				20286C33FDCF999611CA2CEA /* Carbon.framework */,
				4A9504CAFFE6A41611CA0CBA /* CoreServices.framework */,
				4A9504C8FFE6A3BC11CA0CBA /* ApplicationServices.framework */,
			);
			name = "External Frameworks and Libraries";
			sourceTree = "<group>";
		};
		9377B1440763CE4F00C57F77 /* Headers */ = {
			isa = PBXGroup;
			children = (
				93E5E4EA077526CC00F37742 /* AutoStarX.h */,
				93E5E4E9077526CC00F37742 /* AutoStarX_Prefix.pch */,
				93E5E523077529F400F37742 /* FileSelector.h */,
				93E5E51A0775295C00F37742 /* Serial.h */,
				9377B1460763CE6400C57F77 /* controls.h */,
				937D9DA40A58C02900E77F03 /* Autostar */,
			);
			name = Headers;
			sourceTree = "<group>";
		};
		937D9DA10A58BFF800E77F03 /* Autostar */ = {
			isa = PBXGroup;
			children = (
				937D9DA20A58C01E00E77F03 /* SerialPort.cpp */,
			);
			name = Autostar;
			sourceTree = "<group>";
		};
		937D9DA40A58C02900E77F03 /* Autostar */ = {
			isa = PBXGroup;
			children = (
				937D9DA50A58C03800E77F03 /* SerialPort.h */,
			);
			name = Autostar;
			sourceTree = "<group>";
		};
		93E5E4ED077526E700F37742 /* Sources */ = {
			isa = PBXGroup;
			children = (
				93E5E4EE077526FC00F37742 /* AutoStarX.cpp */,
				93E5E4F20775270F00F37742 /* FileSelector.cpp */,
				93E5E4EF077526FC00F37742 /* Serial.cpp */,
				937D9DA10A58BFF800E77F03 /* Autostar */,
			);
			name = Sources;
			sourceTree = "<group>";
		};
/* End PBXGroup section */

/* Begin PBXNativeTarget section */
		8D0C4E890486CD37000505A6 /* AutoStarX */ = {
			isa = PBXNativeTarget;
			buildConfigurationList = 93DA2E660A58B21D00BB68A6 /* Build configuration list for PBXNativeTarget "AutoStarX" */;
			buildPhases = (
				8D0C4E8C0486CD37000505A6 /* Resources */,
				8D0C4E8F0486CD37000505A6 /* Sources */,
				8D0C4E910486CD37000505A6 /* Frameworks */,
			);
			buildRules = (
			);
			dependencies = (
			);
			name = AutoStarX;
			productInstallPath = "$(HOME)/Applications";
			productName = AutoStarX;
			productReference = 8D0C4E970486CD37000505A6 /* AutoStarX.app */;
			productType = "com.apple.product-type.application";
		};
/* End PBXNativeTarget section */

/* Begin PBXProject section */
		20286C28FDCF999611CA2CEA /* Project object */ = {
			isa = PBXProject;
			buildConfigurationList = 93DA2E6A0A58B21D00BB68A6 /* Build configuration list for PBXProject "AutoStarX" */;
			hasScannedForEncodings = 1;
			mainGroup = 20286C29FDCF999611CA2CEA /* AutoStarX */;
			projectDirPath = "";
			targets = (
				8D0C4E890486CD37000505A6 /* AutoStarX */,
			);
		};
/* End PBXProject section */

/* Begin PBXResourcesBuildPhase section */
		8D0C4E8C0486CD37000505A6 /* Resources */ = {
			isa = PBXResourcesBuildPhase;
			buildActionMask = 2147483647;
			files = (
				8D0C4E8D0486CD37000505A6 /* InfoPlist.strings in Resources */,
				8D0C4E8E0486CD37000505A6 /* main.nib in Resources */,
				93080F630773E9CE00A5E982 /* AutoStarX.icns in Resources */,
				93080FA00773EC2C00A5E982 /* AutoStarX.rsrc in Resources */,
			);
			runOnlyForDeploymentPostprocessing = 0;
		};
/* End PBXResourcesBuildPhase section */

/* Begin PBXSourcesBuildPhase section */
		8D0C4E8F0486CD37000505A6 /* Sources */ = {
			isa = PBXSourcesBuildPhase;
			buildActionMask = 2147483647;
			files = (
				93E5E4F0077526FC00F37742 /* AutoStarX.cpp in Sources */,
				93E5E4F1077526FC00F37742 /* Serial.cpp in Sources */,
				93E5E4F30775270F00F37742 /* FileSelector.cpp in Sources */,
				937D9DA30A58C01E00E77F03 /* SerialPort.cpp in Sources */,
			);
			runOnlyForDeploymentPostprocessing = 0;
		};
/* End PBXSourcesBuildPhase section */

/* Begin PBXVariantGroup section */
		02345980000FD03B11CA0E72 /* main.nib */ = {
			isa = PBXVariantGroup;
			children = (
				1870340FFE93FCAF11CA0CD7 /* English */,
			);
			name = main.nib;
			sourceTree = "<group>";
		};
		0867D6AAFE840B52C02AAC07 /* InfoPlist.strings */ = {
			isa = PBXVariantGroup;
			children = (
				0867D6ABFE840B52C02AAC07 /* English */,
			);
			name = InfoPlist.strings;
			sourceTree = "<group>";
		};
/* End PBXVariantGroup section */

/* Begin XCBuildConfiguration section */
		93DA2E670A58B21D00BB68A6 /* Development */ = {
			isa = XCBuildConfiguration;
			buildSettings = {
				COPY_PHASE_STRIP = NO;
				GCC_CW_ASM_SYNTAX = NO;
				GCC_C_LANGUAGE_STANDARD = "compiler-default";
				GCC_DYNAMIC_NO_PIC = NO;
				GCC_ENABLE_CPP_RTTI = YES;
				GCC_ENABLE_FIX_AND_CONTINUE = YES;
				GCC_GENERATE_DEBUGGING_SYMBOLS = YES;
				GCC_INPUT_FILETYPE = sourcecode.cpp.cpp;
				GCC_NO_COMMON_BLOCKS = NO;
				GCC_OPTIMIZATION_LEVEL = 0;
				GCC_PRECOMPILE_PREFIX_HEADER = YES;
				GCC_PREFIX_HEADER = AutoStarX_Prefix.pch;
				GCC_WARN_EFFECTIVE_CPLUSPLUS_VIOLATIONS = NO;
				GCC_WARN_INITIALIZER_NOT_FULLY_BRACKETED = YES;
				GCC_WARN_UNINITIALIZED_AUTOS = NO;
				GCC_WARN_UNUSED_FUNCTION = YES;
				GCC_WARN_UNUSED_LABEL = YES;
				GCC_WARN_UNUSED_PARAMETER = NO;
				GCC_WARN_UNUSED_VALUE = YES;
				GCC_WARN_UNUSED_VARIABLE = YES;
				INFOPLIST_FILE = Info.plist;
				INSTALL_PATH = "$(HOME)/Applications";
				PRODUCT_NAME = AutoStarX;
				WRAPPER_EXTENSION = app;
				ZERO_LINK = YES;
			};
			name = Development;
		};
		93DA2E680A58B21D00BB68A6 /* Deployment */ = {
			isa = XCBuildConfiguration;
			buildSettings = {
				COPY_PHASE_STRIP = YES;
				GCC_CW_ASM_SYNTAX = NO;
				GCC_ENABLE_CPP_EXCEPTIONS = YES;
				GCC_ENABLE_CPP_RTTI = YES;
				GCC_ENABLE_FIX_AND_CONTINUE = NO;
				GCC_ENABLE_PASCAL_STRINGS = NO;
				GCC_GENERATE_DEBUGGING_SYMBOLS = NO;
				GCC_INPUT_FILETYPE = sourcecode.cpp.cpp;
				GCC_NO_COMMON_BLOCKS = NO;
				GCC_OPTIMIZATION_LEVEL = s;
				GCC_PRECOMPILE_PREFIX_HEADER = YES;
				GCC_PREFIX_HEADER = AutoStarX_Prefix.pch;
				GENERATE_PKGINFO_FILE = NO;
				INFOPLIST_FILE = Info.plist;
				INSTALL_PATH = "$(HOME)/Applications";
				PRODUCT_NAME = AutoStarX;
				WRAPPER_EXTENSION = app;
				ZERO_LINK = NO;
			};
			name = Deployment;
		};
		93DA2E690A58B21D00BB68A6 /* Default */ = {
			isa = XCBuildConfiguration;
			buildSettings = {
				GCC_GENERATE_DEBUGGING_SYMBOLS = NO;
				GCC_PRECOMPILE_PREFIX_HEADER = YES;
				GCC_PREFIX_HEADER = AutoStarX_Prefix.pch;
				INFOPLIST_FILE = Info.plist;
				INSTALL_PATH = "$(HOME)/Applications";
				PRODUCT_NAME = AutoStarX;
				WRAPPER_EXTENSION = app;
			};
			name = Default;
		};
		93DA2E6B0A58B21D00BB68A6 /* Development */ = {
			isa = XCBuildConfiguration;
			buildSettings = {
				ARCHS = i386;
				COPYING_PRESERVES_HFS_DATA = YES;
				SDKROOT = /Developer/SDKs/MacOSX10.4u.sdk;
			};
			name = Development;
		};
		93DA2E6C0A58B21D00BB68A6 /* Deployment */ = {
			isa = XCBuildConfiguration;
			buildSettings = {
				ARCHS = (
					ppc,
					i386,
				);
				SDKROOT = /Developer/SDKs/MacOSX10.4u.sdk;
			};
			name = Deployment;
		};
		93DA2E6D0A58B21D00BB68A6 /* Default */ = {
			isa = XCBuildConfiguration;
			buildSettings = {
				ARCHS = (
					ppc,
					i386,
				);
				SDKROOT = /Developer/SDKs/MacOSX10.4u.sdk;
			};
			name = Default;
		};
/* End XCBuildConfiguration section */

/* Begin XCConfigurationList section */
		93DA2E660A58B21D00BB68A6 /* Build configuration list for PBXNativeTarget "AutoStarX" */ = {
			isa = XCConfigurationList;
			buildConfigurations = (
				93DA2E670A58B21D00BB68A6 /* Development */,
				93DA2E680A58B21D00BB68A6 /* Deployment */,
				93DA2E690A58B21D00BB68A6 /* Default */,
			);
			defaultConfigurationIsVisible = 0;
			defaultConfigurationName = Default;
		};
		93DA2E6A0A58B21D00BB68A6 /* Build configuration list for PBXProject "AutoStarX" */ = {
			isa = XCConfigurationList;
			buildConfigurations = (
				93DA2E6B0A58B21D00BB68A6 /* Development */,
				93DA2E6C0A58B21D00BB68A6 /* Deployment */,
				93DA2E6D0A58B21D00BB68A6 /* Default */,
			);
			defaultConfigurationIsVisible = 0;
			defaultConfigurationName = Default;
		};
/* End XCConfigurationList section */
	};
	rootObject = 20286C28FDCF999611CA2CEA /* Project object */;
}
